// !$*UTF8*$!
{
	archiveVersion = 1;
	classes = {
	};
	objectVersion = 50;
	objects = {

/* Begin PBXBuildFile section */
		7C32395B225B404C00841D93 /* PhotoCell.swift in Sources */ = {isa = PBXBuildFile; fileRef = 7C32395A225B404C00841D93 /* PhotoCell.swift */; };
		7C32395D225B42AD00841D93 /* RecentPhotosViewModel.swift in Sources */ = {isa = PBXBuildFile; fileRef = 7C32395C225B42AD00841D93 /* RecentPhotosViewModel.swift */; };
		7C32395F225B599A00841D93 /* FlickrRecentPhotosRequestParams.swift in Sources */ = {isa = PBXBuildFile; fileRef = 7C32395E225B599A00841D93 /* FlickrRecentPhotosRequestParams.swift */; };
		7CF392362258FB22009E143C /* AppDelegate.swift in Sources */ = {isa = PBXBuildFile; fileRef = 7CF392352258FB22009E143C /* AppDelegate.swift */; };
		7CF392382258FB22009E143C /* RecentPhotosViewController.swift in Sources */ = {isa = PBXBuildFile; fileRef = 7CF392372258FB22009E143C /* RecentPhotosViewController.swift */; };
		7CF3923B2258FB22009E143C /* Main.storyboard in Resources */ = {isa = PBXBuildFile; fileRef = 7CF392392258FB22009E143C /* Main.storyboard */; };
		7CF3923D2258FB23009E143C /* Assets.xcassets in Resources */ = {isa = PBXBuildFile; fileRef = 7CF3923C2258FB23009E143C /* Assets.xcassets */; };
		7CF392402258FB23009E143C /* LaunchScreen.storyboard in Resources */ = {isa = PBXBuildFile; fileRef = 7CF3923E2258FB23009E143C /* LaunchScreen.storyboard */; };
		7CF3924B2258FB23009E143C /* RecentPhotosTests.swift in Sources */ = {isa = PBXBuildFile; fileRef = 7CF3924A2258FB23009E143C /* RecentPhotosTests.swift */; };
		7CF392562258FB23009E143C /* RecentPhotosUITests.swift in Sources */ = {isa = PBXBuildFile; fileRef = 7CF392552258FB23009E143C /* RecentPhotosUITests.swift */; };
		7CF39264225901D9009E143C /* FlickerSettings.swift in Sources */ = {isa = PBXBuildFile; fileRef = 7CF39263225901D9009E143C /* FlickerSettings.swift */; };
		7CF39267225903BC009E143C /* FlickrNetworkRequest.swift in Sources */ = {isa = PBXBuildFile; fileRef = 7CF39266225903BC009E143C /* FlickrNetworkRequest.swift */; };
		7CF39269225904A9009E143C /* FlickrConfigs.swift in Sources */ = {isa = PBXBuildFile; fileRef = 7CF39268225904A9009E143C /* FlickrConfigs.swift */; };
		7CF3926C22590545009E143C /* Decodable+Init.swift in Sources */ = {isa = PBXBuildFile; fileRef = 7CF3926B22590545009E143C /* Decodable+Init.swift */; };
		7CF3926E2259054F009E143C /* Encodable+Dictionary.swift in Sources */ = {isa = PBXBuildFile; fileRef = 7CF3926D2259054F009E143C /* Encodable+Dictionary.swift */; };
		7CF3927022590590009E143C /* ErrorHelper.swift in Sources */ = {isa = PBXBuildFile; fileRef = 7CF3926F22590590009E143C /* ErrorHelper.swift */; };
		7CF392722259060A009E143C /* FlickrAPIMethod.swift in Sources */ = {isa = PBXBuildFile; fileRef = 7CF392712259060A009E143C /* FlickrAPIMethod.swift */; };
		7CF392742259070C009E143C /* FlickrBaseParams.swift in Sources */ = {isa = PBXBuildFile; fileRef = 7CF392732259070C009E143C /* FlickrBaseParams.swift */; };
		7CF3927622590982009E143C /* FlickrRecentPhotosRequest.swift in Sources */ = {isa = PBXBuildFile; fileRef = 7CF3927522590982009E143C /* FlickrRecentPhotosRequest.swift */; };
		7CF3927822590A5E009E143C /* FlickrBaseResponse.swift in Sources */ = {isa = PBXBuildFile; fileRef = 7CF3927722590A5E009E143C /* FlickrBaseResponse.swift */; };
		7CF3927A22590E26009E143C /* FlickrPage.swift in Sources */ = {isa = PBXBuildFile; fileRef = 7CF3927922590E26009E143C /* FlickrPage.swift */; };
		7CF3927C22590ED6009E143C /* FlickrPhotos.swift in Sources */ = {isa = PBXBuildFile; fileRef = 7CF3927B22590ED6009E143C /* FlickrPhotos.swift */; };
		7CF3927E22590EF4009E143C /* FlickrPhoto.swift in Sources */ = {isa = PBXBuildFile; fileRef = 7CF3927D22590EF4009E143C /* FlickrPhoto.swift */; };
		7CF3928022591189009E143C /* FlickrPhotosResponse.swift in Sources */ = {isa = PBXBuildFile; fileRef = 7CF3927F22591189009E143C /* FlickrPhotosResponse.swift */; };
		E6F0EC5C798221F3B933B025 /* Pods_RecentPhotos.framework in Frameworks */ = {isa = PBXBuildFile; fileRef = C95ABD64AAF7F3A1FE63B475 /* Pods_RecentPhotos.framework */; };
/* End PBXBuildFile section */

/* Begin PBXContainerItemProxy section */
		7CF392472258FB23009E143C /* PBXContainerItemProxy */ = {
			isa = PBXContainerItemProxy;
			containerPortal = 7CF3922A2258FB22009E143C /* Project object */;
			proxyType = 1;
			remoteGlobalIDString = 7CF392312258FB22009E143C;
			remoteInfo = RecentPhotos;
		};
		7CF392522258FB23009E143C /* PBXContainerItemProxy */ = {
			isa = PBXContainerItemProxy;
			containerPortal = 7CF3922A2258FB22009E143C /* Project object */;
			proxyType = 1;
			remoteGlobalIDString = 7CF392312258FB22009E143C;
			remoteInfo = RecentPhotos;
		};
/* End PBXContainerItemProxy section */

/* Begin PBXFileReference section */
		2D7F2E47E9A8977C47214501 /* Pods-RecentPhotos.debug.xcconfig */ = {isa = PBXFileReference; includeInIndex = 1; lastKnownFileType = text.xcconfig; name = "Pods-RecentPhotos.debug.xcconfig"; path = "Target Support Files/Pods-RecentPhotos/Pods-RecentPhotos.debug.xcconfig"; sourceTree = "<group>"; };
		49A1A9CFE6F0BABA6D40E5AC /* Pods-RecentPhotos.release.xcconfig */ = {isa = PBXFileReference; includeInIndex = 1; lastKnownFileType = text.xcconfig; name = "Pods-RecentPhotos.release.xcconfig"; path = "Target Support Files/Pods-RecentPhotos/Pods-RecentPhotos.release.xcconfig"; sourceTree = "<group>"; };
		7C32395A225B404C00841D93 /* PhotoCell.swift */ = {isa = PBXFileReference; lastKnownFileType = sourcecode.swift; path = PhotoCell.swift; sourceTree = "<group>"; };
		7C32395C225B42AD00841D93 /* RecentPhotosViewModel.swift */ = {isa = PBXFileReference; lastKnownFileType = sourcecode.swift; path = RecentPhotosViewModel.swift; sourceTree = "<group>"; };
		7C32395E225B599A00841D93 /* FlickrRecentPhotosRequestParams.swift */ = {isa = PBXFileReference; lastKnownFileType = sourcecode.swift; path = FlickrRecentPhotosRequestParams.swift; sourceTree = "<group>"; };
		7CF392322258FB22009E143C /* RecentPhotos.app */ = {isa = PBXFileReference; explicitFileType = wrapper.application; includeInIndex = 0; path = RecentPhotos.app; sourceTree = BUILT_PRODUCTS_DIR; };
		7CF392352258FB22009E143C /* AppDelegate.swift */ = {isa = PBXFileReference; lastKnownFileType = sourcecode.swift; path = AppDelegate.swift; sourceTree = "<group>"; };
		7CF392372258FB22009E143C /* RecentPhotosViewController.swift */ = {isa = PBXFileReference; lastKnownFileType = sourcecode.swift; path = RecentPhotosViewController.swift; sourceTree = "<group>"; };
		7CF3923A2258FB22009E143C /* Base */ = {isa = PBXFileReference; lastKnownFileType = file.storyboard; name = Base; path = Base.lproj/Main.storyboard; sourceTree = "<group>"; };
		7CF3923C2258FB23009E143C /* Assets.xcassets */ = {isa = PBXFileReference; lastKnownFileType = folder.assetcatalog; path = Assets.xcassets; sourceTree = "<group>"; };
		7CF3923F2258FB23009E143C /* Base */ = {isa = PBXFileReference; lastKnownFileType = file.storyboard; name = Base; path = Base.lproj/LaunchScreen.storyboard; sourceTree = "<group>"; };
		7CF392412258FB23009E143C /* Info.plist */ = {isa = PBXFileReference; lastKnownFileType = text.plist.xml; path = Info.plist; sourceTree = "<group>"; };
		7CF392462258FB23009E143C /* RecentPhotosTests.xctest */ = {isa = PBXFileReference; explicitFileType = wrapper.cfbundle; includeInIndex = 0; path = RecentPhotosTests.xctest; sourceTree = BUILT_PRODUCTS_DIR; };
		7CF3924A2258FB23009E143C /* RecentPhotosTests.swift */ = {isa = PBXFileReference; lastKnownFileType = sourcecode.swift; path = RecentPhotosTests.swift; sourceTree = "<group>"; };
		7CF3924C2258FB23009E143C /* Info.plist */ = {isa = PBXFileReference; lastKnownFileType = text.plist.xml; path = Info.plist; sourceTree = "<group>"; };
		7CF392512258FB23009E143C /* RecentPhotosUITests.xctest */ = {isa = PBXFileReference; explicitFileType = wrapper.cfbundle; includeInIndex = 0; path = RecentPhotosUITests.xctest; sourceTree = BUILT_PRODUCTS_DIR; };
		7CF392552258FB23009E143C /* RecentPhotosUITests.swift */ = {isa = PBXFileReference; lastKnownFileType = sourcecode.swift; path = RecentPhotosUITests.swift; sourceTree = "<group>"; };
		7CF392572258FB23009E143C /* Info.plist */ = {isa = PBXFileReference; lastKnownFileType = text.plist.xml; path = Info.plist; sourceTree = "<group>"; };
		7CF39263225901D9009E143C /* FlickerSettings.swift */ = {isa = PBXFileReference; lastKnownFileType = sourcecode.swift; path = FlickerSettings.swift; sourceTree = "<group>"; };
		7CF39266225903BC009E143C /* FlickrNetworkRequest.swift */ = {isa = PBXFileReference; lastKnownFileType = sourcecode.swift; path = FlickrNetworkRequest.swift; sourceTree = "<group>"; };
		7CF39268225904A9009E143C /* FlickrConfigs.swift */ = {isa = PBXFileReference; lastKnownFileType = sourcecode.swift; path = FlickrConfigs.swift; sourceTree = "<group>"; };
		7CF3926B22590545009E143C /* Decodable+Init.swift */ = {isa = PBXFileReference; lastKnownFileType = sourcecode.swift; path = "Decodable+Init.swift"; sourceTree = "<group>"; };
		7CF3926D2259054F009E143C /* Encodable+Dictionary.swift */ = {isa = PBXFileReference; lastKnownFileType = sourcecode.swift; path = "Encodable+Dictionary.swift"; sourceTree = "<group>"; };
		7CF3926F22590590009E143C /* ErrorHelper.swift */ = {isa = PBXFileReference; lastKnownFileType = sourcecode.swift; path = ErrorHelper.swift; sourceTree = "<group>"; };
		7CF392712259060A009E143C /* FlickrAPIMethod.swift */ = {isa = PBXFileReference; lastKnownFileType = sourcecode.swift; path = FlickrAPIMethod.swift; sourceTree = "<group>"; };
		7CF392732259070C009E143C /* FlickrBaseParams.swift */ = {isa = PBXFileReference; lastKnownFileType = sourcecode.swift; path = FlickrBaseParams.swift; sourceTree = "<group>"; };
		7CF3927522590982009E143C /* FlickrRecentPhotosRequest.swift */ = {isa = PBXFileReference; lastKnownFileType = sourcecode.swift; path = FlickrRecentPhotosRequest.swift; sourceTree = "<group>"; };
		7CF3927722590A5E009E143C /* FlickrBaseResponse.swift */ = {isa = PBXFileReference; lastKnownFileType = sourcecode.swift; path = FlickrBaseResponse.swift; sourceTree = "<group>"; };
		7CF3927922590E26009E143C /* FlickrPage.swift */ = {isa = PBXFileReference; lastKnownFileType = sourcecode.swift; path = FlickrPage.swift; sourceTree = "<group>"; };
		7CF3927B22590ED6009E143C /* FlickrPhotos.swift */ = {isa = PBXFileReference; lastKnownFileType = sourcecode.swift; path = FlickrPhotos.swift; sourceTree = "<group>"; };
		7CF3927D22590EF4009E143C /* FlickrPhoto.swift */ = {isa = PBXFileReference; lastKnownFileType = sourcecode.swift; path = FlickrPhoto.swift; sourceTree = "<group>"; };
		7CF3927F22591189009E143C /* FlickrPhotosResponse.swift */ = {isa = PBXFileReference; lastKnownFileType = sourcecode.swift; path = FlickrPhotosResponse.swift; sourceTree = "<group>"; };
		C95ABD64AAF7F3A1FE63B475 /* Pods_RecentPhotos.framework */ = {isa = PBXFileReference; explicitFileType = wrapper.framework; includeInIndex = 0; path = Pods_RecentPhotos.framework; sourceTree = BUILT_PRODUCTS_DIR; };
/* End PBXFileReference section */

/* Begin PBXFrameworksBuildPhase section */
		7CF3922F2258FB22009E143C /* Frameworks */ = {
			isa = PBXFrameworksBuildPhase;
			buildActionMask = 2147483647;
			files = (
				E6F0EC5C798221F3B933B025 /* Pods_RecentPhotos.framework in Frameworks */,
			);
			runOnlyForDeploymentPostprocessing = 0;
		};
		7CF392432258FB23009E143C /* Frameworks */ = {
			isa = PBXFrameworksBuildPhase;
			buildActionMask = 2147483647;
			files = (
			);
			runOnlyForDeploymentPostprocessing = 0;
		};
		7CF3924E2258FB23009E143C /* Frameworks */ = {
			isa = PBXFrameworksBuildPhase;
			buildActionMask = 2147483647;
			files = (
			);
			runOnlyForDeploymentPostprocessing = 0;
		};
/* End PBXFrameworksBuildPhase section */

/* Begin PBXGroup section */
		0B42B77464403FB62CB684F4 /* Pods */ = {
			isa = PBXGroup;
			children = (
				2D7F2E47E9A8977C47214501 /* Pods-RecentPhotos.debug.xcconfig */,
				49A1A9CFE6F0BABA6D40E5AC /* Pods-RecentPhotos.release.xcconfig */,
			);
			path = Pods;
			sourceTree = "<group>";
		};
		696EEC1A24B6177F84D7A41C /* Frameworks */ = {
			isa = PBXGroup;
			children = (
				C95ABD64AAF7F3A1FE63B475 /* Pods_RecentPhotos.framework */,
			);
			name = Frameworks;
			sourceTree = "<group>";
		};
		7C323959225B1E1200841D93 /* Models */ = {
			isa = PBXGroup;
			children = (
				7CF3927722590A5E009E143C /* FlickrBaseResponse.swift */,
				7CF3927F22591189009E143C /* FlickrPhotosResponse.swift */,
				7CF3927922590E26009E143C /* FlickrPage.swift */,
				7CF3927B22590ED6009E143C /* FlickrPhotos.swift */,
				7CF3927D22590EF4009E143C /* FlickrPhoto.swift */,
			);
			path = Models;
			sourceTree = "<group>";
		};
		7CF392292258FB22009E143C = {
			isa = PBXGroup;
			children = (
				7CF392342258FB22009E143C /* RecentPhotos */,
				7CF392492258FB23009E143C /* RecentPhotosTests */,
				7CF392542258FB23009E143C /* RecentPhotosUITests */,
				7CF392332258FB22009E143C /* Products */,
				0B42B77464403FB62CB684F4 /* Pods */,
				696EEC1A24B6177F84D7A41C /* Frameworks */,
			);
			sourceTree = "<group>";
		};
		7CF392332258FB22009E143C /* Products */ = {
			isa = PBXGroup;
			children = (
				7CF392322258FB22009E143C /* RecentPhotos.app */,
				7CF392462258FB23009E143C /* RecentPhotosTests.xctest */,
				7CF392512258FB23009E143C /* RecentPhotosUITests.xctest */,
			);
			name = Products;
			sourceTree = "<group>";
		};
		7CF392342258FB22009E143C /* RecentPhotos */ = {
			isa = PBXGroup;
			children = (
				7CF39263225901D9009E143C /* FlickerSettings.swift */,
				7CF3926A2259052C009E143C /* General */,
				7CF39265225903A5009E143C /* FLickrAPI */,
				7CF392352258FB22009E143C /* AppDelegate.swift */,
				7C32395C225B42AD00841D93 /* RecentPhotosViewModel.swift */,
				7CF392372258FB22009E143C /* RecentPhotosViewController.swift */,
				7C32395A225B404C00841D93 /* PhotoCell.swift */,
				7CF392392258FB22009E143C /* Main.storyboard */,
				7CF3923C2258FB23009E143C /* Assets.xcassets */,
				7CF3923E2258FB23009E143C /* LaunchScreen.storyboard */,
				7CF392412258FB23009E143C /* Info.plist */,
			);
			path = RecentPhotos;
			sourceTree = "<group>";
		};
		7CF392492258FB23009E143C /* RecentPhotosTests */ = {
			isa = PBXGroup;
			children = (
				7CF3924A2258FB23009E143C /* RecentPhotosTests.swift */,
				7CF3924C2258FB23009E143C /* Info.plist */,
			);
			path = RecentPhotosTests;
			sourceTree = "<group>";
		};
		7CF392542258FB23009E143C /* RecentPhotosUITests */ = {
			isa = PBXGroup;
			children = (
				7CF392552258FB23009E143C /* RecentPhotosUITests.swift */,
				7CF392572258FB23009E143C /* Info.plist */,
			);
			path = RecentPhotosUITests;
			sourceTree = "<group>";
		};
		7CF39265225903A5009E143C /* FLickrAPI */ = {
			isa = PBXGroup;
			children = (
				7CF39266225903BC009E143C /* FlickrNetworkRequest.swift */,
				7CF39268225904A9009E143C /* FlickrConfigs.swift */,
				7CF392712259060A009E143C /* FlickrAPIMethod.swift */,
				7CF392732259070C009E143C /* FlickrBaseParams.swift */,
				7C32395E225B599A00841D93 /* FlickrRecentPhotosRequestParams.swift */,
				7CF3927522590982009E143C /* FlickrRecentPhotosRequest.swift */,
				7C323959225B1E1200841D93 /* Models */,
			);
			path = FLickrAPI;
			sourceTree = "<group>";
		};
		7CF3926A2259052C009E143C /* General */ = {
			isa = PBXGroup;
			children = (
				7CF3926B22590545009E143C /* Decodable+Init.swift */,
				7CF3926D2259054F009E143C /* Encodable+Dictionary.swift */,
				7CF3926F22590590009E143C /* ErrorHelper.swift */,
			);
			path = General;
			sourceTree = "<group>";
		};
/* End PBXGroup section */

/* Begin PBXNativeTarget section */
		7CF392312258FB22009E143C /* RecentPhotos */ = {
			isa = PBXNativeTarget;
			buildConfigurationList = 7CF3925A2258FB23009E143C /* Build configuration list for PBXNativeTarget "RecentPhotos" */;
			buildPhases = (
				DCADE10628A3AAEEDA0BE435 /* [CP] Check Pods Manifest.lock */,
				7CF3922E2258FB22009E143C /* Sources */,
				7CF3922F2258FB22009E143C /* Frameworks */,
				7CF392302258FB22009E143C /* Resources */,
				6AA2D28F9198EB6B8A3BB596 /* [CP] Embed Pods Frameworks */,
			);
			buildRules = (
			);
			dependencies = (
			);
			name = RecentPhotos;
			productName = RecentPhotos;
			productReference = 7CF392322258FB22009E143C /* RecentPhotos.app */;
			productType = "com.apple.product-type.application";
		};
		7CF392452258FB23009E143C /* RecentPhotosTests */ = {
			isa = PBXNativeTarget;
			buildConfigurationList = 7CF3925D2258FB23009E143C /* Build configuration list for PBXNativeTarget "RecentPhotosTests" */;
			buildPhases = (
				7CF392422258FB23009E143C /* Sources */,
				7CF392432258FB23009E143C /* Frameworks */,
				7CF392442258FB23009E143C /* Resources */,
			);
			buildRules = (
			);
			dependencies = (
				7CF392482258FB23009E143C /* PBXTargetDependency */,
			);
			name = RecentPhotosTests;
			productName = RecentPhotosTests;
			productReference = 7CF392462258FB23009E143C /* RecentPhotosTests.xctest */;
			productType = "com.apple.product-type.bundle.unit-test";
		};
		7CF392502258FB23009E143C /* RecentPhotosUITests */ = {
			isa = PBXNativeTarget;
			buildConfigurationList = 7CF392602258FB23009E143C /* Build configuration list for PBXNativeTarget "RecentPhotosUITests" */;
			buildPhases = (
				7CF3924D2258FB23009E143C /* Sources */,
				7CF3924E2258FB23009E143C /* Frameworks */,
				7CF3924F2258FB23009E143C /* Resources */,
			);
			buildRules = (
			);
			dependencies = (
				7CF392532258FB23009E143C /* PBXTargetDependency */,
			);
			name = RecentPhotosUITests;
			productName = RecentPhotosUITests;
			productReference = 7CF392512258FB23009E143C /* RecentPhotosUITests.xctest */;
			productType = "com.apple.product-type.bundle.ui-testing";
		};
/* End PBXNativeTarget section */

/* Begin PBXProject section */
		7CF3922A2258FB22009E143C /* Project object */ = {
			isa = PBXProject;
			attributes = {
				LastSwiftUpdateCheck = 1020;
				LastUpgradeCheck = 1020;
				ORGANIZATIONNAME = "Ulaş Sancak";
				TargetAttributes = {
					7CF392312258FB22009E143C = {
						CreatedOnToolsVersion = 10.2;
					};
					7CF392452258FB23009E143C = {
						CreatedOnToolsVersion = 10.2;
						TestTargetID = 7CF392312258FB22009E143C;
					};
					7CF392502258FB23009E143C = {
						CreatedOnToolsVersion = 10.2;
						TestTargetID = 7CF392312258FB22009E143C;
					};
				};
			};
			buildConfigurationList = 7CF3922D2258FB22009E143C /* Build configuration list for PBXProject "RecentPhotos" */;
			compatibilityVersion = "Xcode 9.3";
			developmentRegion = en;
			hasScannedForEncodings = 0;
			knownRegions = (
				en,
				Base,
			);
			mainGroup = 7CF392292258FB22009E143C;
			productRefGroup = 7CF392332258FB22009E143C /* Products */;
			projectDirPath = "";
			projectRoot = "";
			targets = (
				7CF392312258FB22009E143C /* RecentPhotos */,
				7CF392452258FB23009E143C /* RecentPhotosTests */,
				7CF392502258FB23009E143C /* RecentPhotosUITests */,
			);
		};
/* End PBXProject section */

/* Begin PBXResourcesBuildPhase section */
		7CF392302258FB22009E143C /* Resources */ = {
			isa = PBXResourcesBuildPhase;
			buildActionMask = 2147483647;
			files = (
				7CF392402258FB23009E143C /* LaunchScreen.storyboard in Resources */,
				7CF3923D2258FB23009E143C /* Assets.xcassets in Resources */,
				7CF3923B2258FB22009E143C /* Main.storyboard in Resources */,
			);
			runOnlyForDeploymentPostprocessing = 0;
		};
		7CF392442258FB23009E143C /* Resources */ = {
			isa = PBXResourcesBuildPhase;
			buildActionMask = 2147483647;
			files = (
			);
			runOnlyForDeploymentPostprocessing = 0;
		};
		7CF3924F2258FB23009E143C /* Resources */ = {
			isa = PBXResourcesBuildPhase;
			buildActionMask = 2147483647;
			files = (
			);
			runOnlyForDeploymentPostprocessing = 0;
		};
/* End PBXResourcesBuildPhase section */

/* Begin PBXShellScriptBuildPhase section */
		6AA2D28F9198EB6B8A3BB596 /* [CP] Embed Pods Frameworks */ = {
			isa = PBXShellScriptBuildPhase;
			buildActionMask = 2147483647;
			files = (
			);
			inputFileListPaths = (
			);
			inputPaths = (
				"${PODS_ROOT}/Target Support Files/Pods-RecentPhotos/Pods-RecentPhotos-frameworks.sh",
				"${BUILT_PRODUCTS_DIR}/Alamofire/Alamofire.framework",
				"${BUILT_PRODUCTS_DIR}/AlamofireImage/AlamofireImage.framework",
				"${BUILT_PRODUCTS_DIR}/RxCocoa/RxCocoa.framework",
				"${BUILT_PRODUCTS_DIR}/RxSwift/RxSwift.framework",
			);
			name = "[CP] Embed Pods Frameworks";
			outputFileListPaths = (
			);
			outputPaths = (
				"${TARGET_BUILD_DIR}/${FRAMEWORKS_FOLDER_PATH}/Alamofire.framework",
				"${TARGET_BUILD_DIR}/${FRAMEWORKS_FOLDER_PATH}/AlamofireImage.framework",
				"${TARGET_BUILD_DIR}/${FRAMEWORKS_FOLDER_PATH}/RxCocoa.framework",
				"${TARGET_BUILD_DIR}/${FRAMEWORKS_FOLDER_PATH}/RxSwift.framework",
			);
			runOnlyForDeploymentPostprocessing = 0;
			shellPath = /bin/sh;
			shellScript = "\"${PODS_ROOT}/Target Support Files/Pods-RecentPhotos/Pods-RecentPhotos-frameworks.sh\"\n";
			showEnvVarsInLog = 0;
		};
		DCADE10628A3AAEEDA0BE435 /* [CP] Check Pods Manifest.lock */ = {
			isa = PBXShellScriptBuildPhase;
			buildActionMask = 2147483647;
			files = (
			);
			inputFileListPaths = (
			);
			inputPaths = (
				"${PODS_PODFILE_DIR_PATH}/Podfile.lock",
				"${PODS_ROOT}/Manifest.lock",
			);
			name = "[CP] Check Pods Manifest.lock";
			outputFileListPaths = (
			);
			outputPaths = (
				"$(DERIVED_FILE_DIR)/Pods-RecentPhotos-checkManifestLockResult.txt",
			);
			runOnlyForDeploymentPostprocessing = 0;
			shellPath = /bin/sh;
			shellScript = "diff \"${PODS_PODFILE_DIR_PATH}/Podfile.lock\" \"${PODS_ROOT}/Manifest.lock\" > /dev/null\nif [ $? != 0 ] ; then\n    # print error to STDERR\n    echo \"error: The sandbox is not in sync with the Podfile.lock. Run 'pod install' or update your CocoaPods installation.\" >&2\n    exit 1\nfi\n# This output is used by Xcode 'outputs' to avoid re-running this script phase.\necho \"SUCCESS\" > \"${SCRIPT_OUTPUT_FILE_0}\"\n";
			showEnvVarsInLog = 0;
		};
/* End PBXShellScriptBuildPhase section */

/* Begin PBXSourcesBuildPhase section */
		7CF3922E2258FB22009E143C /* Sources */ = {
			isa = PBXSourcesBuildPhase;
			buildActionMask = 2147483647;
			files = (
				7CF392382258FB22009E143C /* RecentPhotosViewController.swift in Sources */,
				7CF39264225901D9009E143C /* FlickerSettings.swift in Sources */,
				7C32395D225B42AD00841D93 /* RecentPhotosViewModel.swift in Sources */,
				7CF39269225904A9009E143C /* FlickrConfigs.swift in Sources */,
				7CF392362258FB22009E143C /* AppDelegate.swift in Sources */,
				7CF3927A22590E26009E143C /* FlickrPage.swift in Sources */,
				7C32395F225B599A00841D93 /* FlickrRecentPhotosRequestParams.swift in Sources */,
				7C32395B225B404C00841D93 /* PhotoCell.swift in Sources */,
				7CF3927822590A5E009E143C /* FlickrBaseResponse.swift in Sources */,
				7CF3927622590982009E143C /* FlickrRecentPhotosRequest.swift in Sources */,
				7CF39267225903BC009E143C /* FlickrNetworkRequest.swift in Sources */,
				7CF3926E2259054F009E143C /* Encodable+Dictionary.swift in Sources */,
				7CF3927C22590ED6009E143C /* FlickrPhotos.swift in Sources */,
				7CF3927022590590009E143C /* ErrorHelper.swift in Sources */,
				7CF3926C22590545009E143C /* Decodable+Init.swift in Sources */,
				7CF3928022591189009E143C /* FlickrPhotosResponse.swift in Sources */,
				7CF392722259060A009E143C /* FlickrAPIMethod.swift in Sources */,
				7CF3927E22590EF4009E143C /* FlickrPhoto.swift in Sources */,
				7CF392742259070C009E143C /* FlickrBaseParams.swift in Sources */,
			);
			runOnlyForDeploymentPostprocessing = 0;
		};
		7CF392422258FB23009E143C /* Sources */ = {
			isa = PBXSourcesBuildPhase;
			buildActionMask = 2147483647;
			files = (
				7CF3924B2258FB23009E143C /* RecentPhotosTests.swift in Sources */,
			);
			runOnlyForDeploymentPostprocessing = 0;
		};
		7CF3924D2258FB23009E143C /* Sources */ = {
			isa = PBXSourcesBuildPhase;
			buildActionMask = 2147483647;
			files = (
				7CF392562258FB23009E143C /* RecentPhotosUITests.swift in Sources */,
			);
			runOnlyForDeploymentPostprocessing = 0;
		};
/* End PBXSourcesBuildPhase section */

/* Begin PBXTargetDependency section */
		7CF392482258FB23009E143C /* PBXTargetDependency */ = {
			isa = PBXTargetDependency;
			target = 7CF392312258FB22009E143C /* RecentPhotos */;
			targetProxy = 7CF392472258FB23009E143C /* PBXContainerItemProxy */;
		};
		7CF392532258FB23009E143C /* PBXTargetDependency */ = {
			isa = PBXTargetDependency;
			target = 7CF392312258FB22009E143C /* RecentPhotos */;
			targetProxy = 7CF392522258FB23009E143C /* PBXContainerItemProxy */;
		};
/* End PBXTargetDependency section */

/* Begin PBXVariantGroup section */
		7CF392392258FB22009E143C /* Main.storyboard */ = {
			isa = PBXVariantGroup;
			children = (
				7CF3923A2258FB22009E143C /* Base */,
			);
			name = Main.storyboard;
			sourceTree = "<group>";
		};
		7CF3923E2258FB23009E143C /* LaunchScreen.storyboard */ = {
			isa = PBXVariantGroup;
			children = (
				7CF3923F2258FB23009E143C /* Base */,
			);
			name = LaunchScreen.storyboard;
			sourceTree = "<group>";
		};
/* End PBXVariantGroup section */

/* Begin XCBuildConfiguration section */
		7CF392582258FB23009E143C /* Debug */ = {
			isa = XCBuildConfiguration;
			buildSettings = {
				ALWAYS_SEARCH_USER_PATHS = NO;
				CLANG_ANALYZER_NONNULL = YES;
				CLANG_ANALYZER_NUMBER_OBJECT_CONVERSION = YES_AGGRESSIVE;
				CLANG_CXX_LANGUAGE_STANDARD = "gnu++14";
				CLANG_CXX_LIBRARY = "libc++";
				CLANG_ENABLE_MODULES = YES;
				CLANG_ENABLE_OBJC_ARC = YES;
				CLANG_ENABLE_OBJC_WEAK = YES;
				CLANG_WARN_BLOCK_CAPTURE_AUTORELEASING = YES;
				CLANG_WARN_BOOL_CONVERSION = YES;
				CLANG_WARN_COMMA = YES;
				CLANG_WARN_CONSTANT_CONVERSION = YES;
				CLANG_WARN_DEPRECATED_OBJC_IMPLEMENTATIONS = YES;
				CLANG_WARN_DIRECT_OBJC_ISA_USAGE = YES_ERROR;
				CLANG_WARN_DOCUMENTATION_COMMENTS = YES;
				CLANG_WARN_EMPTY_BODY = YES;
				CLANG_WARN_ENUM_CONVERSION = YES;
				CLANG_WARN_INFINITE_RECURSION = YES;
				CLANG_WARN_INT_CONVERSION = YES;
				CLANG_WARN_NON_LITERAL_NULL_CONVERSION = YES;
				CLANG_WARN_OBJC_IMPLICIT_RETAIN_SELF = YES;
				CLANG_WARN_OBJC_LITERAL_CONVERSION = YES;
				CLANG_WARN_OBJC_ROOT_CLASS = YES_ERROR;
				CLANG_WARN_RANGE_LOOP_ANALYSIS = YES;
				CLANG_WARN_STRICT_PROTOTYPES = YES;
				CLANG_WARN_SUSPICIOUS_MOVE = YES;
				CLANG_WARN_UNGUARDED_AVAILABILITY = YES_AGGRESSIVE;
				CLANG_WARN_UNREACHABLE_CODE = YES;
				CLANG_WARN__DUPLICATE_METHOD_MATCH = YES;
				CODE_SIGN_IDENTITY = "iPhone Developer";
				COPY_PHASE_STRIP = NO;
				DEBUG_INFORMATION_FORMAT = dwarf;
				ENABLE_STRICT_OBJC_MSGSEND = YES;
				ENABLE_TESTABILITY = YES;
				GCC_C_LANGUAGE_STANDARD = gnu11;
				GCC_DYNAMIC_NO_PIC = NO;
				GCC_NO_COMMON_BLOCKS = YES;
				GCC_OPTIMIZATION_LEVEL = 0;
				GCC_PREPROCESSOR_DEFINITIONS = (
					"DEBUG=1",
					"$(inherited)",
				);
				GCC_WARN_64_TO_32_BIT_CONVERSION = YES;
				GCC_WARN_ABOUT_RETURN_TYPE = YES_ERROR;
				GCC_WARN_UNDECLARED_SELECTOR = YES;
				GCC_WARN_UNINITIALIZED_AUTOS = YES_AGGRESSIVE;
				GCC_WARN_UNUSED_FUNCTION = YES;
				GCC_WARN_UNUSED_VARIABLE = YES;
				IPHONEOS_DEPLOYMENT_TARGET = 10.0;
				MTL_ENABLE_DEBUG_INFO = INCLUDE_SOURCE;
				MTL_FAST_MATH = YES;
				ONLY_ACTIVE_ARCH = YES;
				SDKROOT = iphoneos;
				SWIFT_ACTIVE_COMPILATION_CONDITIONS = DEBUG;
				SWIFT_OPTIMIZATION_LEVEL = "-Onone";
			};
			name = Debug;
		};
		7CF392592258FB23009E143C /* Release */ = {
			isa = XCBuildConfiguration;
			buildSettings = {
				ALWAYS_SEARCH_USER_PATHS = NO;
				CLANG_ANALYZER_NONNULL = YES;
				CLANG_ANALYZER_NUMBER_OBJECT_CONVERSION = YES_AGGRESSIVE;
				CLANG_CXX_LANGUAGE_STANDARD = "gnu++14";
				CLANG_CXX_LIBRARY = "libc++";
				CLANG_ENABLE_MODULES = YES;
				CLANG_ENABLE_OBJC_ARC = YES;
				CLANG_ENABLE_OBJC_WEAK = YES;
				CLANG_WARN_BLOCK_CAPTURE_AUTORELEASING = YES;
				CLANG_WARN_BOOL_CONVERSION = YES;
				CLANG_WARN_COMMA = YES;
				CLANG_WARN_CONSTANT_CONVERSION = YES;
				CLANG_WARN_DEPRECATED_OBJC_IMPLEMENTATIONS = YES;
				CLANG_WARN_DIRECT_OBJC_ISA_USAGE = YES_ERROR;
				CLANG_WARN_DOCUMENTATION_COMMENTS = YES;
				CLANG_WARN_EMPTY_BODY = YES;
				CLANG_WARN_ENUM_CONVERSION = YES;
				CLANG_WARN_INFINITE_RECURSION = YES;
				CLANG_WARN_INT_CONVERSION = YES;
				CLANG_WARN_NON_LITERAL_NULL_CONVERSION = YES;
				CLANG_WARN_OBJC_IMPLICIT_RETAIN_SELF = YES;
				CLANG_WARN_OBJC_LITERAL_CONVERSION = YES;
				CLANG_WARN_OBJC_ROOT_CLASS = YES_ERROR;
				CLANG_WARN_RANGE_LOOP_ANALYSIS = YES;
				CLANG_WARN_STRICT_PROTOTYPES = YES;
				CLANG_WARN_SUSPICIOUS_MOVE = YES;
				CLANG_WARN_UNGUARDED_AVAILABILITY = YES_AGGRESSIVE;
				CLANG_WARN_UNREACHABLE_CODE = YES;
				CLANG_WARN__DUPLICATE_METHOD_MATCH = YES;
				CODE_SIGN_IDENTITY = "iPhone Developer";
				COPY_PHASE_STRIP = NO;
				DEBUG_INFORMATION_FORMAT = "dwarf-with-dsym";
				ENABLE_NS_ASSERTIONS = NO;
				ENABLE_STRICT_OBJC_MSGSEND = YES;
				GCC_C_LANGUAGE_STANDARD = gnu11;
				GCC_NO_COMMON_BLOCKS = YES;
				GCC_WARN_64_TO_32_BIT_CONVERSION = YES;
				GCC_WARN_ABOUT_RETURN_TYPE = YES_ERROR;
				GCC_WARN_UNDECLARED_SELECTOR = YES;
				GCC_WARN_UNINITIALIZED_AUTOS = YES_AGGRESSIVE;
				GCC_WARN_UNUSED_FUNCTION = YES;
				GCC_WARN_UNUSED_VARIABLE = YES;
				IPHONEOS_DEPLOYMENT_TARGET = 10.0;
				MTL_ENABLE_DEBUG_INFO = NO;
				MTL_FAST_MATH = YES;
				SDKROOT = iphoneos;
				SWIFT_COMPILATION_MODE = wholemodule;
				SWIFT_OPTIMIZATION_LEVEL = "-O";
				VALIDATE_PRODUCT = YES;
			};
			name = Release;
		};
		7CF3925B2258FB23009E143C /* Debug */ = {
			isa = XCBuildConfiguration;
			baseConfigurationReference = 2D7F2E47E9A8977C47214501 /* Pods-RecentPhotos.debug.xcconfig */;
			buildSettings = {
				ASSETCATALOG_COMPILER_APPICON_NAME = AppIcon;
				CODE_SIGN_STYLE = Automatic;
				DEVELOPMENT_TEAM = 3U82SFTT2K;
				INFOPLIST_FILE = RecentPhotos/Info.plist;
				LD_RUNPATH_SEARCH_PATHS = (
					"$(inherited)",
					"@executable_path/Frameworks",
				);
				PRODUCT_BUNDLE_IDENTIFIER = com.ulassancak.RecentPhotos;
				PRODUCT_NAME = "$(TARGET_NAME)";
				SWIFT_VERSION = 5.0;
				TARGETED_DEVICE_FAMILY = "1,2";
			};
			name = Debug;
		};
		7CF3925C2258FB23009E143C /* Release */ = {
			isa = XCBuildConfiguration;
			baseConfigurationReference = 49A1A9CFE6F0BABA6D40E5AC /* Pods-RecentPhotos.release.xcconfig */;
			buildSettings = {
				ASSETCATALOG_COMPILER_APPICON_NAME = AppIcon;
				CODE_SIGN_STYLE = Automatic;
				DEVELOPMENT_TEAM = 3U82SFTT2K;
				INFOPLIST_FILE = RecentPhotos/Info.plist;
				LD_RUNPATH_SEARCH_PATHS = (
					"$(inherited)",
					"@executable_path/Frameworks",
				);
				PRODUCT_BUNDLE_IDENTIFIER = com.ulassancak.RecentPhotos;
				PRODUCT_NAME = "$(TARGET_NAME)";
				SWIFT_VERSION = 5.0;
				TARGETED_DEVICE_FAMILY = "1,2";
			};
			name = Release;
		};
		7CF3925E2258FB23009E143C /* Debug */ = {
			isa = XCBuildConfiguration;
			buildSettings = {
				ALWAYS_EMBED_SWIFT_STANDARD_LIBRARIES = YES;
				BUNDLE_LOADER = "$(TEST_HOST)";
				CODE_SIGN_STYLE = Automatic;
				DEVELOPMENT_TEAM = 3U82SFTT2K;
				INFOPLIST_FILE = RecentPhotosTests/Info.plist;
				LD_RUNPATH_SEARCH_PATHS = (
					"$(inherited)",
					"@executable_path/Frameworks",
					"@loader_path/Frameworks",
				);
				PRODUCT_BUNDLE_IDENTIFIER = com.ulassancak.RecentPhotosTests;
				PRODUCT_NAME = "$(TARGET_NAME)";
				SWIFT_VERSION = 5.0;
				TARGETED_DEVICE_FAMILY = "1,2";
				TEST_HOST = "$(BUILT_PRODUCTS_DIR)/RecentPhotos.app/RecentPhotos";
			};
			name = Debug;
		};
		7CF3925F2258FB23009E143C /* Release */ = {
			isa = XCBuildConfiguration;
			buildSettings = {
				ALWAYS_EMBED_SWIFT_STANDARD_LIBRARIES = YES;
				BUNDLE_LOADER = "$(TEST_HOST)";
				CODE_SIGN_STYLE = Automatic;
				DEVELOPMENT_TEAM = 3U82SFTT2K;
				INFOPLIST_FILE = RecentPhotosTests/Info.plist;
				LD_RUNPATH_SEARCH_PATHS = (
					"$(inherited)",
					"@executable_path/Frameworks",
					"@loader_path/Frameworks",
				);
				PRODUCT_BUNDLE_IDENTIFIER = com.ulassancak.RecentPhotosTests;
				PRODUCT_NAME = "$(TARGET_NAME)";
				SWIFT_VERSION = 5.0;
				TARGETED_DEVICE_FAMILY = "1,2";
				TEST_HOST = "$(BUILT_PRODUCTS_DIR)/RecentPhotos.app/RecentPhotos";
			};
			name = Release;
		};
		7CF392612258FB23009E143C /* Debug */ = {
			isa = XCBuildConfiguration;
			buildSettings = {
				ALWAYS_EMBED_SWIFT_STANDARD_LIBRARIES = YES;
				CODE_SIGN_STYLE = Automatic;
				DEVELOPMENT_TEAM = 3U82SFTT2K;
				INFOPLIST_FILE = RecentPhotosUITests/Info.plist;
				LD_RUNPATH_SEARCH_PATHS = (
					"$(inherited)",
					"@executable_path/Frameworks",
					"@loader_path/Frameworks",
				);
				PRODUCT_BUNDLE_IDENTIFIER = com.ulassancak.RecentPhotosUITests;
				PRODUCT_NAME = "$(TARGET_NAME)";
				SWIFT_VERSION = 5.0;
				TARGETED_DEVICE_FAMILY = "1,2";
				TEST_TARGET_NAME = RecentPhotos;
			};
			name = Debug;
		};
		7CF392622258FB23009E143C /* Release */ = {
			isa = XCBuildConfiguration;
			buildSettings = {
				ALWAYS_EMBED_SWIFT_STANDARD_LIBRARIES = YES;
				CODE_SIGN_STYLE = Automatic;
				DEVELOPMENT_TEAM = 3U82SFTT2K;
				INFOPLIST_FILE = RecentPhotosUITests/Info.plist;
				LD_RUNPATH_SEARCH_PATHS = (
					"$(inherited)",
					"@executable_path/Frameworks",
					"@loader_path/Frameworks",
				);
				PRODUCT_BUNDLE_IDENTIFIER = com.ulassancak.RecentPhotosUITests;
				PRODUCT_NAME = "$(TARGET_NAME)";
				SWIFT_VERSION = 5.0;
				TARGETED_DEVICE_FAMILY = "1,2";
				TEST_TARGET_NAME = RecentPhotos;
			};
			name = Release;
		};
/* End XCBuildConfiguration section */

/* Begin XCConfigurationList section */
		7CF3922D2258FB22009E143C /* Build configuration list for PBXProject "RecentPhotos" */ = {
			isa = XCConfigurationList;
			buildConfigurations = (
				7CF392582258FB23009E143C /* Debug */,
				7CF392592258FB23009E143C /* Release */,
			);
			defaultConfigurationIsVisible = 0;
			defaultConfigurationName = Release;
		};
		7CF3925A2258FB23009E143C /* Build configuration list for PBXNativeTarget "RecentPhotos" */ = {
			isa = XCConfigurationList;
			buildConfigurations = (
				7CF3925B2258FB23009E143C /* Debug */,
				7CF3925C2258FB23009E143C /* Release */,
			);
			defaultConfigurationIsVisible = 0;
			defaultConfigurationName = Release;
		};
		7CF3925D2258FB23009E143C /* Build configuration list for PBXNativeTarget "RecentPhotosTests" */ = {
			isa = XCConfigurationList;
			buildConfigurations = (
				7CF3925E2258FB23009E143C /* Debug */,
				7CF3925F2258FB23009E143C /* Release */,
			);
			defaultConfigurationIsVisible = 0;
			defaultConfigurationName = Release;
		};
		7CF392602258FB23009E143C /* Build configuration list for PBXNativeTarget "RecentPhotosUITests" */ = {
			isa = XCConfigurationList;
			buildConfigurations = (
				7CF392612258FB23009E143C /* Debug */,
				7CF392622258FB23009E143C /* Release */,
			);
			defaultConfigurationIsVisible = 0;
			defaultConfigurationName = Release;
		};
/* End XCConfigurationList section */
	};
	rootObject = 7CF3922A2258FB22009E143C /* Project object */;
}
